
Microsoft Visual Studio Solution File, Format Version 12.00
# Visual Studio 14
VisualStudioVersion = 14.0.23107.0
MinimumVisualStudioVersion = 10.0.40219.1
Project("{FAE04EC0-301F-11D3-BF4B-00C04F79EFBC}") = "BlockChizzy.CL", "BlockChizzy.CL\BlockChizzy.CL.csproj", "{20457FCA-A918-4332-98D2-F56B487784ED}"
EndProject
Project("{FAE04EC0-301F-11D3-BF4B-00C04F79EFBC}") = "BlockChizzy.CON", "BlockChizzy.CON\BlockChizzy.CON.csproj", "{960DCC47-5FBC-4283-BD2F-128099D6D2DA}"
EndProject
Project("{FAE04EC0-301F-11D3-BF4B-00C04F79EFBC}") = "BlockChizzy.SRVR", "BlockChizzy.SRVR\BlockChizzy.SRVR.csproj", "{2FC59E69-6F63-495F-A4AB-68D26632E483}"
EndProject
Global
	GlobalSection(SolutionConfigurationPlatforms) = preSolution
		Debug|Any CPU = Debug|Any CPU
		Release|Any CPU = Release|Any CPU
	EndGlobalSection
	GlobalSection(ProjectConfigurationPlatforms) = postSolution
		{20457FCA-A918-4332-98D2-F56B487784ED}.Debug|Any CPU.ActiveCfg = Debug|Any CPU
		{20457FCA-A918-4332-98D2-F56B487784ED}.Debug|Any CPU.Build.0 = Debug|Any CPU
		{20457FCA-A918-4332-98D2-F56B487784ED}.Release|Any CPU.ActiveCfg = Release|Any CPU
		{20457FCA-A918-4332-98D2-F56B487784ED}.Release|Any CPU.Build.0 = Release|Any CPU
		{960DCC47-5FBC-4283-BD2F-128099D6D2DA}.Debug|Any CPU.ActiveCfg = Debug|Any CPU
		{960DCC47-5FBC-4283-BD2F-128099D6D2DA}.Debug|Any CPU.Build.0 = Debug|Any CPU
		{960DCC47-5FBC-4283-BD2F-128099D6D2DA}.Release|Any CPU.ActiveCfg = Release|Any CPU
		{960DCC47-5FBC-4283-BD2F-128099D6D2DA}.Release|Any CPU.Build.0 = Release|Any CPU
		{2FC59E69-6F63-495F-A4AB-68D26632E483}.Debug|Any CPU.ActiveCfg = Debug|Any CPU
		{2FC59E69-6F63-495F-A4AB-68D26632E483}.Debug|Any CPU.Build.0 = Debug|Any CPU
		{2FC59E69-6F63-495F-A4AB-68D26632E483}.Release|Any CPU.ActiveCfg = Release|Any CPU
		{2FC59E69-6F63-495F-A4AB-68D26632E483}.Release|Any CPU.Build.0 = Release|Any CPU
	EndGlobalSection
	GlobalSection(SolutionProperties) = preSolution
		HideSolutionNode = FALSE
	EndGlobalSection
EndGlobal
